// !$*UTF8*$!
{
	archiveVersion = 1;
	classes = {
	};
	objectVersion = 56;
	objects = {

/* Begin PBXBuildFile section */
		EB5142292A2C845500E06AD6 /* Makefile in Sources */ = {isa = PBXBuildFile; fileRef = EB5142282A2C845500E06AD6 /* Makefile */; };
		EBEDA1FC2A2C8228008F5434 /* s21_matrix.c in Sources */ = {isa = PBXBuildFile; fileRef = EBEDA1FB2A2C8228008F5434 /* s21_matrix.c */; };
		EBEDA2042A2C824F008F5434 /* main.c in Sources */ = {isa = PBXBuildFile; fileRef = EBEDA2032A2C824F008F5434 /* main.c */; };
/* End PBXBuildFile section */

/* Begin PBXCopyFilesBuildPhase section */
		EBC65BF22A2C80DC009121C7 /* CopyFiles */ = {
			isa = PBXCopyFilesBuildPhase;
			buildActionMask = 2147483647;
			dstPath = /usr/share/man/man1/;
			dstSubfolderSpec = 0;
			files = (
			);
			runOnlyForDeploymentPostprocessing = 1;
		};
/* End PBXCopyFilesBuildPhase section */

/* Begin PBXFileReference section */
		EB5142282A2C845500E06AD6 /* Makefile */ = {isa = PBXFileReference; fileEncoding = 4; lastKnownFileType = sourcecode.make; path = Makefile; sourceTree = "<group>"; };
		EB51422B2A2C850900E06AD6 /* instructions_for_testing_rus.md */ = {isa = PBXFileReference; lastKnownFileType = net.daringfireball.markdown; path = instructions_for_testing_rus.md; sourceTree = "<group>"; };
		EB51422C2A2C850900E06AD6 /* .gitkeep */ = {isa = PBXFileReference; lastKnownFileType = text; path = .gitkeep; sourceTree = "<group>"; };
		EB51422D2A2C850900E06AD6 /* from_developers_rus.txt */ = {isa = PBXFileReference; lastKnownFileType = text; path = from_developers_rus.txt; sourceTree = "<group>"; };
		EB51422E2A2C850900E06AD6 /* instructions_for_testing.md */ = {isa = PBXFileReference; lastKnownFileType = net.daringfireball.markdown; path = instructions_for_testing.md; sourceTree = "<group>"; };
		EB51422F2A2C850900E06AD6 /* 7 principles of structural programming.md */ = {isa = PBXFileReference; lastKnownFileType = net.daringfireball.markdown; path = "7 principles of structural programming.md"; sourceTree = "<group>"; };
		EB5142312A2C850900E06AD6 /* Dockerfile */ = {isa = PBXFileReference; lastKnownFileType = text; path = Dockerfile; sourceTree = "<group>"; };
		EB5142322A2C850900E06AD6 /* run.sh */ = {isa = PBXFileReference; lastKnownFileType = text.script.sh; path = run.sh; sourceTree = "<group>"; };
		EB5142342A2C850900E06AD6 /* style_tests.py */ = {isa = PBXFileReference; lastKnownFileType = text.script.python; path = style_tests.py; sourceTree = "<group>"; };
		EB5142352A2C850900E06AD6 /* build.py */ = {isa = PBXFileReference; lastKnownFileType = text.script.python; path = build.py; sourceTree = "<group>"; };
		EB5142362A2C850900E06AD6 /* .gitkeep */ = {isa = PBXFileReference; lastKnownFileType = text; path = .gitkeep; sourceTree = "<group>"; };
		EB5142372A2C850900E06AD6 /* build.sh */ = {isa = PBXFileReference; lastKnownFileType = text.script.sh; path = build.sh; sourceTree = "<group>"; };
		EB5142382A2C850900E06AD6 /* style_tests.sh */ = {isa = PBXFileReference; lastKnownFileType = text.script.sh; path = style_tests.sh; sourceTree = "<group>"; };
		EB5142392A2C850900E06AD6 /* .clang-format */ = {isa = PBXFileReference; lastKnownFileType = text; path = ".clang-format"; sourceTree = "<group>"; };
		EB51423A2A2C850900E06AD6 /* test.sh */ = {isa = PBXFileReference; lastKnownFileType = text.script.sh; path = test.sh; sourceTree = "<group>"; };
		EB51423B2A2C850900E06AD6 /* readme.txt */ = {isa = PBXFileReference; lastKnownFileType = text; path = readme.txt; sourceTree = "<group>"; };
		EB51423C2A2C850900E06AD6 /* from_developers.txt */ = {isa = PBXFileReference; lastKnownFileType = text; path = from_developers.txt; sourceTree = "<group>"; };
		EBC65BF42A2C80DC009121C7 /* matrix */ = {isa = PBXFileReference; explicitFileType = "compiled.mach-o.executable"; includeInIndex = 0; path = matrix; sourceTree = BUILT_PRODUCTS_DIR; };
		EBDF00D62A2CB53300C6B0D9 /* .gitkeep */ = {isa = PBXFileReference; lastKnownFileType = text; path = .gitkeep; sourceTree = "<group>"; };
		EBDF00D82A2CB54700C6B0D9 /* .gitkeep */ = {isa = PBXFileReference; lastKnownFileType = text; path = .gitkeep; sourceTree = "<group>"; };
		EBDF00DA2A2CB54700C6B0D9 /* .gitkeep */ = {isa = PBXFileReference; lastKnownFileType = text; path = .gitkeep; sourceTree = "<group>"; };
		EBDF00DE2A2CB55700C6B0D9 /* matrixx.png */ = {isa = PBXFileReference; lastKnownFileType = image.png; path = matrixx.png; sourceTree = "<group>"; };
		EBDF00DF2A2CB55700C6B0D9 /* .gitkeep */ = {isa = PBXFileReference; lastKnownFileType = text; path = .gitkeep; sourceTree = "<group>"; };
		EBDF00E22A2CB55700C6B0D9 /* matrixx.png */ = {isa = PBXFileReference; lastKnownFileType = image.png; path = matrixx.png; sourceTree = "<group>"; };
		EBEDA1FB2A2C8228008F5434 /* s21_matrix.c */ = {isa = PBXFileReference; fileEncoding = 4; lastKnownFileType = sourcecode.c.c; path = s21_matrix.c; sourceTree = "<group>"; };
		EBEDA1FD2A2C822C008F5434 /* s21_matrix.h */ = {isa = PBXFileReference; lastKnownFileType = sourcecode.c.h; path = s21_matrix.h; sourceTree = "<group>"; };
		EBEDA1FE2A2C8231008F5434 /* README.md */ = {isa = PBXFileReference; lastKnownFileType = net.daringfireball.markdown; path = README.md; sourceTree = "<group>"; };
		EBEDA1FF2A2C8235008F5434 /* README_RUS.md */ = {isa = PBXFileReference; lastKnownFileType = net.daringfireball.markdown; path = README_RUS.md; sourceTree = "<group>"; };
		EBEDA2002A2C8239008F5434 /* CHANGELOG */ = {isa = PBXFileReference; lastKnownFileType = text; path = CHANGELOG; sourceTree = "<group>"; };
		EBEDA2012A2C823D008F5434 /* LICENSE */ = {isa = PBXFileReference; lastKnownFileType = text; path = LICENSE; sourceTree = "<group>"; };
		EBEDA2032A2C824F008F5434 /* main.c */ = {isa = PBXFileReference; lastKnownFileType = sourcecode.c.c; path = main.c; sourceTree = "<group>"; };
/* End PBXFileReference section */

/* Begin PBXFrameworksBuildPhase section */
		EBC65BF12A2C80DC009121C7 /* Frameworks */ = {
			isa = PBXFrameworksBuildPhase;
			buildActionMask = 2147483647;
			files = (
			);
			runOnlyForDeploymentPostprocessing = 0;
		};
/* End PBXFrameworksBuildPhase section */

/* Begin PBXGroup section */
		EB51422A2A2C850900E06AD6 /* materials */ = {
			isa = PBXGroup;
			children = (
				EB51422B2A2C850900E06AD6 /* instructions_for_testing_rus.md */,
				EB51422C2A2C850900E06AD6 /* .gitkeep */,
				EB51422D2A2C850900E06AD6 /* from_developers_rus.txt */,
				EB51422E2A2C850900E06AD6 /* instructions_for_testing.md */,
				EB51422F2A2C850900E06AD6 /* 7 principles of structural programming.md */,
				EB5142302A2C850900E06AD6 /* build */,
				EB51423C2A2C850900E06AD6 /* from_developers.txt */,
			);
			path = materials;
			sourceTree = "<group>";
		};
		EB5142302A2C850900E06AD6 /* build */ = {
			isa = PBXGroup;
			children = (
				EB5142312A2C850900E06AD6 /* Dockerfile */,
				EB5142322A2C850900E06AD6 /* run.sh */,
				EB5142332A2C850900E06AD6 /* scripts */,
				EB51423B2A2C850900E06AD6 /* readme.txt */,
			);
			path = build;
			sourceTree = "<group>";
		};
		EB5142332A2C850900E06AD6 /* scripts */ = {
			isa = PBXGroup;
			children = (
				EB5142342A2C850900E06AD6 /* style_tests.py */,
				EB5142352A2C850900E06AD6 /* build.py */,
				EB5142362A2C850900E06AD6 /* .gitkeep */,
				EB5142372A2C850900E06AD6 /* build.sh */,
				EB5142382A2C850900E06AD6 /* style_tests.sh */,
				EB5142392A2C850900E06AD6 /* .clang-format */,
				EB51423A2A2C850900E06AD6 /* test.sh */,
			);
			path = scripts;
			sourceTree = "<group>";
		};
		EB51423E2A2C85C200E06AD6 /* resourсes */ = {
			isa = PBXGroup;
			children = (
				EBDF00D52A2CB53300C6B0D9 /* datasets */,
				EBDF00D92A2CB54700C6B0D9 /* code-samples */,
				EBDF00D72A2CB54700C6B0D9 /* data-samples */,
				EBDF00DB2A2CB55700C6B0D9 /* misc */,
				EBEDA1FE2A2C8231008F5434 /* README.md */,
				EBEDA1FF2A2C8235008F5434 /* README_RUS.md */,
				EBEDA2002A2C8239008F5434 /* CHANGELOG */,
				EBEDA2012A2C823D008F5434 /* LICENSE */,
			);
			name = "resourсes";
			sourceTree = "<group>";
		};
		EBC65BEB2A2C80DC009121C7 = {
			isa = PBXGroup;
			children = (
				EBEDA2052A2C8289008F5434 /* src */,
				EB51422A2A2C850900E06AD6 /* materials */,
				EB51423E2A2C85C200E06AD6 /* resourсes */,
				EBC65BF52A2C80DC009121C7 /* Products */,
			);
			sourceTree = "<group>";
		};
		EBC65BF52A2C80DC009121C7 /* Products */ = {
			isa = PBXGroup;
			children = (
				EBC65BF42A2C80DC009121C7 /* matrix */,
			);
			name = Products;
			sourceTree = "<group>";
		};
		EBDF00D52A2CB53300C6B0D9 /* datasets */ = {
			isa = PBXGroup;
			children = (
				EBDF00D62A2CB53300C6B0D9 /* .gitkeep */,
			);
			path = datasets;
			sourceTree = "<group>";
		};
		EBDF00D72A2CB54700C6B0D9 /* data-samples */ = {
			isa = PBXGroup;
			children = (
				EBDF00D82A2CB54700C6B0D9 /* .gitkeep */,
			);
			path = "data-samples";
			sourceTree = "<group>";
		};
		EBDF00D92A2CB54700C6B0D9 /* code-samples */ = {
			isa = PBXGroup;
			children = (
				EBDF00DA2A2CB54700C6B0D9 /* .gitkeep */,
			);
			path = "code-samples";
			sourceTree = "<group>";
		};
		EBDF00DB2A2CB55700C6B0D9 /* misc */ = {
			isa = PBXGroup;
			children = (
				EBDF00DC2A2CB55700C6B0D9 /* eng */,
				EBDF00DF2A2CB55700C6B0D9 /* .gitkeep */,
				EBDF00E02A2CB55700C6B0D9 /* rus */,
			);
			path = misc;
			sourceTree = "<group>";
		};
		EBDF00DC2A2CB55700C6B0D9 /* eng */ = {
			isa = PBXGroup;
			children = (
				EBDF00DD2A2CB55700C6B0D9 /* images */,
			);
			path = eng;
			sourceTree = "<group>";
		};
		EBDF00DD2A2CB55700C6B0D9 /* images */ = {
			isa = PBXGroup;
			children = (
				EBDF00DE2A2CB55700C6B0D9 /* matrixx.png */,
			);
			path = images;
			sourceTree = "<group>";
		};
		EBDF00E02A2CB55700C6B0D9 /* rus */ = {
			isa = PBXGroup;
			children = (
				EBDF00E12A2CB55700C6B0D9 /* images */,
			);
			path = rus;
			sourceTree = "<group>";
		};
		EBDF00E12A2CB55700C6B0D9 /* images */ = {
			isa = PBXGroup;
			children = (
				EBDF00E22A2CB55700C6B0D9 /* matrixx.png */,
			);
			path = images;
			sourceTree = "<group>";
		};
		EBEDA2052A2C8289008F5434 /* src */ = {
			isa = PBXGroup;
			children = (
				EBEDA2032A2C824F008F5434 /* main.c */,
				EBEDA1FB2A2C8228008F5434 /* s21_matrix.c */,
				EBEDA1FD2A2C822C008F5434 /* s21_matrix.h */,
				EB5142282A2C845500E06AD6 /* Makefile */,
			);
			path = src;
			sourceTree = "<group>";
		};
/* End PBXGroup section */

/* Begin PBXNativeTarget section */
		EBC65BF32A2C80DC009121C7 /* matrix */ = {
			isa = PBXNativeTarget;
			buildConfigurationList = EBC65BFB2A2C80DD009121C7 /* Build configuration list for PBXNativeTarget "matrix" */;
			buildPhases = (
				EBC65BF02A2C80DC009121C7 /* Sources */,
				EBC65BF12A2C80DC009121C7 /* Frameworks */,
				EBC65BF22A2C80DC009121C7 /* CopyFiles */,
			);
			buildRules = (
			);
			dependencies = (
			);
			name = matrix;
			productName = matrix;
			productReference = EBC65BF42A2C80DC009121C7 /* matrix */;
			productType = "com.apple.product-type.tool";
		};
/* End PBXNativeTarget section */

/* Begin PBXProject section */
		EBC65BEC2A2C80DC009121C7 /* Project object */ = {
			isa = PBXProject;
			attributes = {
				BuildIndependentTargetsInParallel = 1;
				LastUpgradeCheck = 1430;
				TargetAttributes = {
					EBC65BF32A2C80DC009121C7 = {
						CreatedOnToolsVersion = 14.3;
					};
				};
			};
			buildConfigurationList = EBC65BEF2A2C80DC009121C7 /* Build configuration list for PBXProject "matrix" */;
			compatibilityVersion = "Xcode 14.0";
			developmentRegion = en;
			hasScannedForEncodings = 0;
			knownRegions = (
				en,
				Base,
			);
			mainGroup = EBC65BEB2A2C80DC009121C7;
			productRefGroup = EBC65BF52A2C80DC009121C7 /* Products */;
			projectDirPath = "";
			projectRoot = "";
			targets = (
				EBC65BF32A2C80DC009121C7 /* matrix */,
			);
		};
/* End PBXProject section */

/* Begin PBXSourcesBuildPhase section */
		EBC65BF02A2C80DC009121C7 /* Sources */ = {
			isa = PBXSourcesBuildPhase;
			buildActionMask = 2147483647;
			files = (
				EB5142292A2C845500E06AD6 /* Makefile in Sources */,
				EBEDA2042A2C824F008F5434 /* main.c in Sources */,
				EBEDA1FC2A2C8228008F5434 /* s21_matrix.c in Sources */,
			);
			runOnlyForDeploymentPostprocessing = 0;
		};
/* End PBXSourcesBuildPhase section */

/* Begin XCBuildConfiguration section */
		EBC65BF92A2C80DD009121C7 /* Debug */ = {
			isa = XCBuildConfiguration;
			buildSettings = {
				ALWAYS_SEARCH_USER_PATHS = NO;
				CLANG_ANALYZER_NONNULL = YES;
				CLANG_ANALYZER_NUMBER_OBJECT_CONVERSION = YES_AGGRESSIVE;
				CLANG_CXX_LANGUAGE_STANDARD = "gnu++20";
				CLANG_ENABLE_MODULES = YES;
				CLANG_ENABLE_OBJC_ARC = YES;
				CLANG_ENABLE_OBJC_WEAK = YES;
				CLANG_WARN_BLOCK_CAPTURE_AUTORELEASING = YES;
				CLANG_WARN_BOOL_CONVERSION = YES;
				CLANG_WARN_COMMA = YES;
				CLANG_WARN_CONSTANT_CONVERSION = YES;
				CLANG_WARN_DEPRECATED_OBJC_IMPLEMENTATIONS = YES;
				CLANG_WARN_DIRECT_OBJC_ISA_USAGE = YES_ERROR;
				CLANG_WARN_DOCUMENTATION_COMMENTS = YES;
				CLANG_WARN_EMPTY_BODY = YES;
				CLANG_WARN_ENUM_CONVERSION = YES;
				CLANG_WARN_INFINITE_RECURSION = YES;
				CLANG_WARN_INT_CONVERSION = YES;
				CLANG_WARN_NON_LITERAL_NULL_CONVERSION = YES;
				CLANG_WARN_OBJC_IMPLICIT_RETAIN_SELF = YES;
				CLANG_WARN_OBJC_LITERAL_CONVERSION = YES;
				CLANG_WARN_OBJC_ROOT_CLASS = YES_ERROR;
				CLANG_WARN_QUOTED_INCLUDE_IN_FRAMEWORK_HEADER = YES;
				CLANG_WARN_RANGE_LOOP_ANALYSIS = YES;
				CLANG_WARN_STRICT_PROTOTYPES = YES;
				CLANG_WARN_SUSPICIOUS_MOVE = YES;
				CLANG_WARN_UNGUARDED_AVAILABILITY = YES_AGGRESSIVE;
				CLANG_WARN_UNREACHABLE_CODE = YES;
				CLANG_WARN__DUPLICATE_METHOD_MATCH = YES;
				COPY_PHASE_STRIP = NO;
				DEBUG_INFORMATION_FORMAT = dwarf;
				ENABLE_STRICT_OBJC_MSGSEND = YES;
				ENABLE_TESTABILITY = YES;
				GCC_C_LANGUAGE_STANDARD = gnu11;
				GCC_DYNAMIC_NO_PIC = NO;
				GCC_NO_COMMON_BLOCKS = YES;
				GCC_OPTIMIZATION_LEVEL = 0;
				GCC_PREPROCESSOR_DEFINITIONS = (
					"DEBUG=1",
					"$(inherited)",
				);
				GCC_WARN_64_TO_32_BIT_CONVERSION = YES;
				GCC_WARN_ABOUT_RETURN_TYPE = YES_ERROR;
				GCC_WARN_UNDECLARED_SELECTOR = YES;
				GCC_WARN_UNINITIALIZED_AUTOS = YES_AGGRESSIVE;
				GCC_WARN_UNUSED_FUNCTION = YES;
				GCC_WARN_UNUSED_VARIABLE = YES;
				MACOSX_DEPLOYMENT_TARGET = 13.2;
				MTL_ENABLE_DEBUG_INFO = INCLUDE_SOURCE;
				MTL_FAST_MATH = YES;
				ONLY_ACTIVE_ARCH = YES;
				SDKROOT = macosx;
			};
			name = Debug;
		};
		EBC65BFA2A2C80DD009121C7 /* Release */ = {
			isa = XCBuildConfiguration;
			buildSettings = {
				ALWAYS_SEARCH_USER_PATHS = NO;
				CLANG_ANALYZER_NONNULL = YES;
				CLANG_ANALYZER_NUMBER_OBJECT_CONVERSION = YES_AGGRESSIVE;
				CLANG_CXX_LANGUAGE_STANDARD = "gnu++20";
				CLANG_ENABLE_MODULES = YES;
				CLANG_ENABLE_OBJC_ARC = YES;
				CLANG_ENABLE_OBJC_WEAK = YES;
				CLANG_WARN_BLOCK_CAPTURE_AUTORELEASING = YES;
				CLANG_WARN_BOOL_CONVERSION = YES;
				CLANG_WARN_COMMA = YES;
				CLANG_WARN_CONSTANT_CONVERSION = YES;
				CLANG_WARN_DEPRECATED_OBJC_IMPLEMENTATIONS = YES;
				CLANG_WARN_DIRECT_OBJC_ISA_USAGE = YES_ERROR;
				CLANG_WARN_DOCUMENTATION_COMMENTS = YES;
				CLANG_WARN_EMPTY_BODY = YES;
				CLANG_WARN_ENUM_CONVERSION = YES;
				CLANG_WARN_INFINITE_RECURSION = YES;
				CLANG_WARN_INT_CONVERSION = YES;
				CLANG_WARN_NON_LITERAL_NULL_CONVERSION = YES;
				CLANG_WARN_OBJC_IMPLICIT_RETAIN_SELF = YES;
				CLANG_WARN_OBJC_LITERAL_CONVERSION = YES;
				CLANG_WARN_OBJC_ROOT_CLASS = YES_ERROR;
				CLANG_WARN_QUOTED_INCLUDE_IN_FRAMEWORK_HEADER = YES;
				CLANG_WARN_RANGE_LOOP_ANALYSIS = YES;
				CLANG_WARN_STRICT_PROTOTYPES = YES;
				CLANG_WARN_SUSPICIOUS_MOVE = YES;
				CLANG_WARN_UNGUARDED_AVAILABILITY = YES_AGGRESSIVE;
				CLANG_WARN_UNREACHABLE_CODE = YES;
				CLANG_WARN__DUPLICATE_METHOD_MATCH = YES;
				COPY_PHASE_STRIP = NO;
				DEBUG_INFORMATION_FORMAT = "dwarf-with-dsym";
				ENABLE_NS_ASSERTIONS = NO;
				ENABLE_STRICT_OBJC_MSGSEND = YES;
				GCC_C_LANGUAGE_STANDARD = gnu11;
				GCC_NO_COMMON_BLOCKS = YES;
				GCC_WARN_64_TO_32_BIT_CONVERSION = YES;
				GCC_WARN_ABOUT_RETURN_TYPE = YES_ERROR;
				GCC_WARN_UNDECLARED_SELECTOR = YES;
				GCC_WARN_UNINITIALIZED_AUTOS = YES_AGGRESSIVE;
				GCC_WARN_UNUSED_FUNCTION = YES;
				GCC_WARN_UNUSED_VARIABLE = YES;
				MACOSX_DEPLOYMENT_TARGET = 13.2;
				MTL_ENABLE_DEBUG_INFO = NO;
				MTL_FAST_MATH = YES;
				SDKROOT = macosx;
			};
			name = Release;
		};
		EBC65BFC2A2C80DD009121C7 /* Debug */ = {
			isa = XCBuildConfiguration;
			buildSettings = {
				CODE_SIGN_STYLE = Automatic;
				DEVELOPMENT_TEAM = 2VC8L6JCP3;
				ENABLE_HARDENED_RUNTIME = YES;
				PRODUCT_NAME = "$(TARGET_NAME)";
			};
			name = Debug;
		};
		EBC65BFD2A2C80DD009121C7 /* Release */ = {
			isa = XCBuildConfiguration;
			buildSettings = {
				CODE_SIGN_STYLE = Automatic;
				DEVELOPMENT_TEAM = 2VC8L6JCP3;
				ENABLE_HARDENED_RUNTIME = YES;
				PRODUCT_NAME = "$(TARGET_NAME)";
			};
			name = Release;
		};
/* End XCBuildConfiguration section */

/* Begin XCConfigurationList section */
		EBC65BEF2A2C80DC009121C7 /* Build configuration list for PBXProject "matrix" */ = {
			isa = XCConfigurationList;
			buildConfigurations = (
				EBC65BF92A2C80DD009121C7 /* Debug */,
				EBC65BFA2A2C80DD009121C7 /* Release */,
			);
			defaultConfigurationIsVisible = 0;
			defaultConfigurationName = Release;
		};
		EBC65BFB2A2C80DD009121C7 /* Build configuration list for PBXNativeTarget "matrix" */ = {
			isa = XCConfigurationList;
			buildConfigurations = (
				EBC65BFC2A2C80DD009121C7 /* Debug */,
				EBC65BFD2A2C80DD009121C7 /* Release */,
			);
			defaultConfigurationIsVisible = 0;
			defaultConfigurationName = Release;
		};
/* End XCConfigurationList section */
	};
	rootObject = EBC65BEC2A2C80DC009121C7 /* Project object */;
}
